github.com/anaseto/gruid v0.21.0/go.mod h1:csCeg/kLRFAAF4gdrx9EYrQbKBBprmWmEdmR0QMmBc4=
github.com/anaseto/gruid v0.22.0 h1:iOPJBC5pb5gS1zQlufszDjiVzFwmx0Kxte2ZopHNRqw=
github.com/anaseto/gruid v0.22.0/go.mod h1:Fq0geNwxJ9PHxqIVRP/M6mFxkm/bhSwEiAFJeVAcjCQ=
github.com/anaseto/gruid-sdl v0.4.0 h1:36zaGFSqY6eAyTx1gi+DKc2l8hwzNOOpp1d3ez4gd0g=
github.com/anaseto/gruid-sdl v0.4.0/go.mod h1:ypsNaeFzmvoORKFR4Y1W67kbjEX86LGDj/i8I4Od55E=
github.com/veandco/go-sdl2 v0.4.5 h1:GFIjMabK7y2XWpr9sGvN7RDKHt7vrA7XPTUW60eOw+Y=
github.com/veandco/go-sdl2 v0.4.5/go.mod h1:OROqMhHD43nT4/i9crJukyVecjPNYYuCofep6SNiAjY=
golang.org/x/image v0.0.0-20201208152932-35266b937fa6/go.mod h1:FeLwcggjj3mMvU+oOTbSwawSJRM1uh48EjtB4UJZlP0=
golang.org/x/image v0.0.0-20210216034530-4410531fe030/go.mod h1:FeLwcggjj3mMvU+oOTbSwawSJRM1uh48EjtB4UJZlP0=
golang.org/x/image v0.15.0 h1:kOELfmgrmJlw4Cdb7g/QGuB3CvDrXbqEIww/pNtNBm8=
golang.org/x/image v0.15.0/go.mod h1:HUYqC05R2ZcZ3ejNQsIHQDQiwWM4JBqmm6MKANTp4LE=
golang.org/x/text v0.3.0/go.mod h1:NqM8EUOU14njkJ3fqMW+pc6Ldnwhi/IjpwHt7yyuwOQ=
golang.org/x/text v0.14.0 h1:ScX5w1eTa3QqT8oi6+ziP7dTV1S2+ALU0bI+0zXKWiQ=
golang.org/x/text v0.14.0/go.mod h1:18ZOQIKpY8NJVqYksKHtTdi31H5itFRjB5/qKTNYzSU=
